
Microsoft Visual Studio Solution File, Format Version 12.00
# Visual Studio Version 17
VisualStudioVersion = 17.3.32929.385
MinimumVisualStudioVersion = 10.0.40219.1
Project("{FAE04EC0-301F-11D3-BF4B-00C04F79EFBC}") = "BasicPraogramming", "BasicPraogramming\BasicPraogramming.csproj", "{D6F3F6B8-5266-43EB-8AC2-E09B3F5A00C1}"
EndProject
Global
	GlobalSection(SolutionConfigurationPlatforms) = preSolution
		Debug|Any CPU = Debug|Any CPU
		Release|Any CPU = Release|Any CPU
	EndGlobalSection
	GlobalSection(ProjectConfigurationPlatforms) = postSolution
		{D6F3F6B8-5266-43EB-8AC2-E09B3F5A00C1}.Debug|Any CPU.ActiveCfg = Debug|Any CPU
		{D6F3F6B8-5266-43EB-8AC2-E09B3F5A00C1}.Debug|Any CPU.Build.0 = Debug|Any CPU
		{D6F3F6B8-5266-43EB-8AC2-E09B3F5A00C1}.Release|Any CPU.ActiveCfg = Release|Any CPU
		{D6F3F6B8-5266-43EB-8AC2-E09B3F5A00C1}.Release|Any CPU.Build.0 = Release|Any CPU
	EndGlobalSection
	GlobalSection(SolutionProperties) = preSolution
		HideSolutionNode = FALSE
	EndGlobalSection
	GlobalSection(ExtensibilityGlobals) = postSolution
		SolutionGuid = {F7074BF1-D2EF-491C-8A5C-4AEC0B25D44A}
	EndGlobalSection
EndGlobal
